
Microsoft Visual Studio Solution File, Format Version 12.00
# Visual Studio Version 17
VisualStudioVersion = 17.13.35931.197
MinimumVisualStudioVersion = 10.0.40219.1
Project("{2150E333-8FDC-42A3-9474-1A3956D46DE8}") = "1. Presentation", "1. Presentation", "{02EA681E-C7D8-13C7-8484-4AC65E1B71E8}"
EndProject
Project("{2150E333-8FDC-42A3-9474-1A3956D46DE8}") = "3 Domain", "3 Domain", "{06FE89D0-D4DC-4027-80DA-639A551FC3B4}"
EndProject
Project("{2150E333-8FDC-42A3-9474-1A3956D46DE8}") = "4. Repository", "4. Repository", "{09300EE0-A9AE-4950-919F-BC76F0F93355}"
EndProject
Project("{2150E333-8FDC-42A3-9474-1A3956D46DE8}") = "5. XCutting", "5. XCutting", "{18AE1A3D-306D-47CE-A2EE-AA802605531B}"
EndProject
Project("{9A19103F-16F7-4668-BE54-9A1E7A4F7556}") = "IOC.E-Assistant.WebApi.XCutting.Results", "IOC.E-Assistant.WebApi.XCutting.Results\IOC.E-Assistant.WebApi.XCutting.Results.csproj", "{605B2B4B-FBCB-4541-A34B-B901D88A729A}"
EndProject
Project("{9A19103F-16F7-4668-BE54-9A1E7A4F7556}") = "IOC.E-Assistant.WebApi.XCutting.Validation", "IOC.E-Assistant.WebApi.XCutting.Validation\IOC.E-Assistant.WebApi.XCutting.Validation.csproj", "{31D54C90-D65C-4D6E-828E-CADF663B53E2}"
EndProject
Project("{9A19103F-16F7-4668-BE54-9A1E7A4F7556}") = "IOC.E-Assistant.WebApi.XCutting.Security", "IOC.E-Assistant.WebApi.XCutting.Security\IOC.E-Assistant.WebApi.XCutting.Security.csproj", "{0CD003F2-73C5-46E1-B422-17A6AA4EC9ED}"
EndProject
Project("{2150E333-8FDC-42A3-9474-1A3956D46DE8}") = "2. Application", "2. Application", "{C6838A4A-D8AD-4653-AEB9-2D5626DCEC5C}"
EndProject
Project("{FAE04EC0-301F-11D3-BF4B-00C04F79EFBC}") = "IOC.E-Assistant.WebApi.Application.Implementation", "IOC.E-Assistant.WebApi.Application.Implementation\IOC.E-Assistant.WebApi.Application.Implementation.csproj", "{EE39F357-C837-40A8-9374-75F111EB8F1B}"
EndProject
Project("{FAE04EC0-301F-11D3-BF4B-00C04F79EFBC}") = "IOC.E-Assistant.WebApi.Api", "IOC.E-Assistant.WebApi.Api\IOC.E-Assistant.WebApi.Api.csproj", "{C90A0D7C-4A3A-D01C-1092-0300A1B8928E}"
EndProject
Project("{FAE04EC0-301F-11D3-BF4B-00C04F79EFBC}") = "IOC.E-Assistant.WebApi.Application.Contracts", "IOC.E-Assistant.WebApi.Application.Contracts\IOC.E-Assistant.WebApi.Application.Contracts.csproj", "{1C074119-BFD3-209A-B914-9999C34A42EC}"
EndProject
Project("{FAE04EC0-301F-11D3-BF4B-00C04F79EFBC}") = "IOC.E-Assistant.WebApi.Library.Contracts", "IOC.E-Assistant.WebApi.Library.Contracts\IOC.E-Assistant.WebApi.Library.Contracts.csproj", "{E076CF98-7A2B-2934-597F-3BBEB34DAFA5}"
EndProject
Project("{FAE04EC0-301F-11D3-BF4B-00C04F79EFBC}") = "IOC.E-Assistant.WebApi.Library.Implementation", "IOC.E-Assistant.WebApi.Library.Implementation\IOC.E-Assistant.WebApi.Library.Implementation.csproj", "{0FF67746-170C-2AA0-8BA5-9C3B0737B095}"
EndProject
Project("{FAE04EC0-301F-11D3-BF4B-00C04F79EFBC}") = "IOC.E-Assistant.WebApi.Infrastructure.Implementation", "IOC.E-Assistant.WebApi.Infraestructure.Implementation\IOC.E-Assistant.WebApi.Infrastructure.Implementation.csproj", "{CA289103-1E36-3D72-1069-D41E62E7781A}"
EndProject
Project("{FAE04EC0-301F-11D3-BF4B-00C04F79EFBC}") = "IOC.E-Assistant.WebApi.Infrastructure.Contracts", "IOC.E-Assistant.WebApi.Infraestructure.Contracts\IOC.E-Assistant.WebApi.Infrastructure.Contracts.csproj", "{E0C78CA7-652C-5833-C7CD-BCBE08544509}"
EndProject
Project("{FAE04EC0-301F-11D3-BF4B-00C04F79EFBC}") = "IOC.E-Assistant.WebApi.XCutting.Logging", "IOC.E-Assistant.WebApi.XCutting.Logging\IOC.E-Assistant.WebApi.XCutting.Logging.csproj", "{503AD7BB-C0B7-D408-8D25-4110BBBEE68E}"
EndProject
Global
	GlobalSection(SolutionConfigurationPlatforms) = preSolution
		Debug|Any CPU = Debug|Any CPU
		Release|Any CPU = Release|Any CPU
	EndGlobalSection
	GlobalSection(ProjectConfigurationPlatforms) = postSolution
		{605B2B4B-FBCB-4541-A34B-B901D88A729A}.Debug|Any CPU.ActiveCfg = Debug|Any CPU
		{605B2B4B-FBCB-4541-A34B-B901D88A729A}.Debug|Any CPU.Build.0 = Debug|Any CPU
		{605B2B4B-FBCB-4541-A34B-B901D88A729A}.Release|Any CPU.ActiveCfg = Release|Any CPU
		{605B2B4B-FBCB-4541-A34B-B901D88A729A}.Release|Any CPU.Build.0 = Release|Any CPU
		{31D54C90-D65C-4D6E-828E-CADF663B53E2}.Debug|Any CPU.ActiveCfg = Debug|Any CPU
		{31D54C90-D65C-4D6E-828E-CADF663B53E2}.Debug|Any CPU.Build.0 = Debug|Any CPU
		{31D54C90-D65C-4D6E-828E-CADF663B53E2}.Release|Any CPU.ActiveCfg = Release|Any CPU
		{31D54C90-D65C-4D6E-828E-CADF663B53E2}.Release|Any CPU.Build.0 = Release|Any CPU
		{0CD003F2-73C5-46E1-B422-17A6AA4EC9ED}.Debug|Any CPU.ActiveCfg = Debug|Any CPU
		{0CD003F2-73C5-46E1-B422-17A6AA4EC9ED}.Debug|Any CPU.Build.0 = Debug|Any CPU
		{0CD003F2-73C5-46E1-B422-17A6AA4EC9ED}.Release|Any CPU.ActiveCfg = Release|Any CPU
		{0CD003F2-73C5-46E1-B422-17A6AA4EC9ED}.Release|Any CPU.Build.0 = Release|Any CPU
		{EE39F357-C837-40A8-9374-75F111EB8F1B}.Debug|Any CPU.ActiveCfg = Debug|Any CPU
		{EE39F357-C837-40A8-9374-75F111EB8F1B}.Debug|Any CPU.Build.0 = Debug|Any CPU
		{EE39F357-C837-40A8-9374-75F111EB8F1B}.Release|Any CPU.ActiveCfg = Release|Any CPU
		{EE39F357-C837-40A8-9374-75F111EB8F1B}.Release|Any CPU.Build.0 = Release|Any CPU
		{C90A0D7C-4A3A-D01C-1092-0300A1B8928E}.Debug|Any CPU.ActiveCfg = Debug|Any CPU
		{C90A0D7C-4A3A-D01C-1092-0300A1B8928E}.Debug|Any CPU.Build.0 = Debug|Any CPU
		{C90A0D7C-4A3A-D01C-1092-0300A1B8928E}.Release|Any CPU.ActiveCfg = Release|Any CPU
		{C90A0D7C-4A3A-D01C-1092-0300A1B8928E}.Release|Any CPU.Build.0 = Release|Any CPU
		{1C074119-BFD3-209A-B914-9999C34A42EC}.Debug|Any CPU.ActiveCfg = Debug|Any CPU
		{1C074119-BFD3-209A-B914-9999C34A42EC}.Debug|Any CPU.Build.0 = Debug|Any CPU
		{1C074119-BFD3-209A-B914-9999C34A42EC}.Release|Any CPU.ActiveCfg = Release|Any CPU
		{1C074119-BFD3-209A-B914-9999C34A42EC}.Release|Any CPU.Build.0 = Release|Any CPU
		{E076CF98-7A2B-2934-597F-3BBEB34DAFA5}.Debug|Any CPU.ActiveCfg = Debug|Any CPU
		{E076CF98-7A2B-2934-597F-3BBEB34DAFA5}.Debug|Any CPU.Build.0 = Debug|Any CPU
		{E076CF98-7A2B-2934-597F-3BBEB34DAFA5}.Release|Any CPU.ActiveCfg = Release|Any CPU
		{E076CF98-7A2B-2934-597F-3BBEB34DAFA5}.Release|Any CPU.Build.0 = Release|Any CPU
		{0FF67746-170C-2AA0-8BA5-9C3B0737B095}.Debug|Any CPU.ActiveCfg = Debug|Any CPU
		{0FF67746-170C-2AA0-8BA5-9C3B0737B095}.Debug|Any CPU.Build.0 = Debug|Any CPU
		{0FF67746-170C-2AA0-8BA5-9C3B0737B095}.Release|Any CPU.ActiveCfg = Release|Any CPU
		{0FF67746-170C-2AA0-8BA5-9C3B0737B095}.Release|Any CPU.Build.0 = Release|Any CPU
		{CA289103-1E36-3D72-1069-D41E62E7781A}.Debug|Any CPU.ActiveCfg = Debug|Any CPU
		{CA289103-1E36-3D72-1069-D41E62E7781A}.Debug|Any CPU.Build.0 = Debug|Any CPU
		{CA289103-1E36-3D72-1069-D41E62E7781A}.Release|Any CPU.ActiveCfg = Release|Any CPU
		{CA289103-1E36-3D72-1069-D41E62E7781A}.Release|Any CPU.Build.0 = Release|Any CPU
		{E0C78CA7-652C-5833-C7CD-BCBE08544509}.Debug|Any CPU.ActiveCfg = Debug|Any CPU
		{E0C78CA7-652C-5833-C7CD-BCBE08544509}.Debug|Any CPU.Build.0 = Debug|Any CPU
		{E0C78CA7-652C-5833-C7CD-BCBE08544509}.Release|Any CPU.ActiveCfg = Release|Any CPU
		{E0C78CA7-652C-5833-C7CD-BCBE08544509}.Release|Any CPU.Build.0 = Release|Any CPU
		{503AD7BB-C0B7-D408-8D25-4110BBBEE68E}.Debug|Any CPU.ActiveCfg = Debug|Any CPU
		{503AD7BB-C0B7-D408-8D25-4110BBBEE68E}.Debug|Any CPU.Build.0 = Debug|Any CPU
		{503AD7BB-C0B7-D408-8D25-4110BBBEE68E}.Release|Any CPU.ActiveCfg = Release|Any CPU
		{503AD7BB-C0B7-D408-8D25-4110BBBEE68E}.Release|Any CPU.Build.0 = Release|Any CPU
	EndGlobalSection
	GlobalSection(SolutionProperties) = preSolution
		HideSolutionNode = FALSE
	EndGlobalSection
	GlobalSection(NestedProjects) = preSolution
		{605B2B4B-FBCB-4541-A34B-B901D88A729A} = {18AE1A3D-306D-47CE-A2EE-AA802605531B}
		{31D54C90-D65C-4D6E-828E-CADF663B53E2} = {18AE1A3D-306D-47CE-A2EE-AA802605531B}
		{0CD003F2-73C5-46E1-B422-17A6AA4EC9ED} = {18AE1A3D-306D-47CE-A2EE-AA802605531B}
		{EE39F357-C837-40A8-9374-75F111EB8F1B} = {C6838A4A-D8AD-4653-AEB9-2D5626DCEC5C}
		{C90A0D7C-4A3A-D01C-1092-0300A1B8928E} = {02EA681E-C7D8-13C7-8484-4AC65E1B71E8}
		{1C074119-BFD3-209A-B914-9999C34A42EC} = {C6838A4A-D8AD-4653-AEB9-2D5626DCEC5C}
		{E076CF98-7A2B-2934-597F-3BBEB34DAFA5} = {06FE89D0-D4DC-4027-80DA-639A551FC3B4}
		{0FF67746-170C-2AA0-8BA5-9C3B0737B095} = {06FE89D0-D4DC-4027-80DA-639A551FC3B4}
		{CA289103-1E36-3D72-1069-D41E62E7781A} = {09300EE0-A9AE-4950-919F-BC76F0F93355}
		{E0C78CA7-652C-5833-C7CD-BCBE08544509} = {09300EE0-A9AE-4950-919F-BC76F0F93355}
		{503AD7BB-C0B7-D408-8D25-4110BBBEE68E} = {18AE1A3D-306D-47CE-A2EE-AA802605531B}
	EndGlobalSection
	GlobalSection(ExtensibilityGlobals) = postSolution
		SolutionGuid = {B2E33BED-DC11-43F2-9CEE-D4BA2AABDE82}
	EndGlobalSection
EndGlobal
